
Microsoft Visual Studio Solution File, Format Version 12.00
# Visual Studio 2013
VisualStudioVersion = 12.0.31101.0
MinimumVisualStudioVersion = 10.0.40219.1
Project("{FAE04EC0-301F-11D3-BF4B-00C04F79EFBC}") = "SmartLogger", "SmartLogger\SmartLogger.csproj", "{61FFB8E8-3FFA-4CF2-8167-23A87A3E2065}"
EndProject
Project("{FAE04EC0-301F-11D3-BF4B-00C04F79EFBC}") = "SmartLogger.Test", "SmartLogger.Test\SmartLogger.Test.csproj", "{243BDEE4-5B74-4C35-B478-E90F00491DED}"
EndProject
Global
	GlobalSection(SolutionConfigurationPlatforms) = preSolution
		Debug|Any CPU = Debug|Any CPU
		Release|Any CPU = Release|Any CPU
	EndGlobalSection
	GlobalSection(ProjectConfigurationPlatforms) = postSolution
		{61FFB8E8-3FFA-4CF2-8167-23A87A3E2065}.Debug|Any CPU.ActiveCfg = Debug|Any CPU
		{61FFB8E8-3FFA-4CF2-8167-23A87A3E2065}.Debug|Any CPU.Build.0 = Debug|Any CPU
		{61FFB8E8-3FFA-4CF2-8167-23A87A3E2065}.Release|Any CPU.ActiveCfg = Release|Any CPU
		{61FFB8E8-3FFA-4CF2-8167-23A87A3E2065}.Release|Any CPU.Build.0 = Release|Any CPU
		{243BDEE4-5B74-4C35-B478-E90F00491DED}.Debug|Any CPU.ActiveCfg = Debug|Any CPU
		{243BDEE4-5B74-4C35-B478-E90F00491DED}.Debug|Any CPU.Build.0 = Debug|Any CPU
		{243BDEE4-5B74-4C35-B478-E90F00491DED}.Release|Any CPU.ActiveCfg = Release|Any CPU
		{243BDEE4-5B74-4C35-B478-E90F00491DED}.Release|Any CPU.Build.0 = Release|Any CPU
	EndGlobalSection
	GlobalSection(SolutionProperties) = preSolution
		HideSolutionNode = FALSE
	EndGlobalSection
EndGlobal
